// !$*UTF8*$!
{
	archiveVersion = 1;
	classes = {
	};
	objectVersion = 56;
	objects = {

/* Begin PBXBuildFile section */
		5285C4092C2A790B00C25F6A /* ProdevApp.swift in Sources */ = {isa = PBXBuildFile; fileRef = 5285C4082C2A790B00C25F6A /* ProdevApp.swift */; };
		5285C40B2C2A790B00C25F6A /* UsersScreen.swift in Sources */ = {isa = PBXBuildFile; fileRef = 5285C40A2C2A790B00C25F6A /* UsersScreen.swift */; };
		5285C40D2C2A790F00C25F6A /* Assets.xcassets in Resources */ = {isa = PBXBuildFile; fileRef = 5285C40C2C2A790F00C25F6A /* Assets.xcassets */; };
		5285C4102C2A790F00C25F6A /* Preview Assets.xcassets in Resources */ = {isa = PBXBuildFile; fileRef = 5285C40F2C2A790F00C25F6A /* Preview Assets.xcassets */; };
		5285C41C2C2A7B2F00C25F6A /* UserModel.swift in Sources */ = {isa = PBXBuildFile; fileRef = 5285C41B2C2A7B2F00C25F6A /* UserModel.swift */; };
		5285C41F2C2A7E2400C25F6A /* SearchTF.swift in Sources */ = {isa = PBXBuildFile; fileRef = 5285C41E2C2A7E2400C25F6A /* SearchTF.swift */; };
		5285C4222C2A7FCA00C25F6A /* SearchCoordinateDelegation.swift in Sources */ = {isa = PBXBuildFile; fileRef = 5285C4212C2A7FCA00C25F6A /* SearchCoordinateDelegation.swift */; };
		5285C4252C2A828100C25F6A /* UserViewModels.swift in Sources */ = {isa = PBXBuildFile; fileRef = 5285C4242C2A828100C25F6A /* UserViewModels.swift */; };
		5285C4282C2A851800C25F6A /* Alamofire in Frameworks */ = {isa = PBXBuildFile; productRef = 5285C4272C2A851800C25F6A /* Alamofire */; };
		5285C42A2C2A851800C25F6A /* AlamofireDynamic in Frameworks */ = {isa = PBXBuildFile; productRef = 5285C4292C2A851800C25F6A /* AlamofireDynamic */; };
/* End PBXBuildFile section */

/* Begin PBXFileReference section */
		5285C4052C2A790B00C25F6A /* Prodev.app */ = {isa = PBXFileReference; explicitFileType = wrapper.application; includeInIndex = 0; path = Prodev.app; sourceTree = BUILT_PRODUCTS_DIR; };
		5285C4082C2A790B00C25F6A /* ProdevApp.swift */ = {isa = PBXFileReference; lastKnownFileType = sourcecode.swift; path = ProdevApp.swift; sourceTree = "<group>"; };
		5285C40A2C2A790B00C25F6A /* UsersScreen.swift */ = {isa = PBXFileReference; lastKnownFileType = sourcecode.swift; path = UsersScreen.swift; sourceTree = "<group>"; };
		5285C40C2C2A790F00C25F6A /* Assets.xcassets */ = {isa = PBXFileReference; lastKnownFileType = folder.assetcatalog; path = Assets.xcassets; sourceTree = "<group>"; };
		5285C40F2C2A790F00C25F6A /* Preview Assets.xcassets */ = {isa = PBXFileReference; lastKnownFileType = folder.assetcatalog; path = "Preview Assets.xcassets"; sourceTree = "<group>"; };
		5285C41B2C2A7B2F00C25F6A /* UserModel.swift */ = {isa = PBXFileReference; lastKnownFileType = sourcecode.swift; path = UserModel.swift; sourceTree = "<group>"; };
		5285C41E2C2A7E2400C25F6A /* SearchTF.swift */ = {isa = PBXFileReference; lastKnownFileType = sourcecode.swift; path = SearchTF.swift; sourceTree = "<group>"; };
		5285C4212C2A7FCA00C25F6A /* SearchCoordinateDelegation.swift */ = {isa = PBXFileReference; lastKnownFileType = sourcecode.swift; path = SearchCoordinateDelegation.swift; sourceTree = "<group>"; };
		5285C4242C2A828100C25F6A /* UserViewModels.swift */ = {isa = PBXFileReference; lastKnownFileType = sourcecode.swift; path = UserViewModels.swift; sourceTree = "<group>"; };
/* End PBXFileReference section */

/* Begin PBXFrameworksBuildPhase section */
		5285C4022C2A790B00C25F6A /* Frameworks */ = {
			isa = PBXFrameworksBuildPhase;
			buildActionMask = 2147483647;
			files = (
				5285C4282C2A851800C25F6A /* Alamofire in Frameworks */,
				5285C42A2C2A851800C25F6A /* AlamofireDynamic in Frameworks */,
			);
			runOnlyForDeploymentPostprocessing = 0;
		};
/* End PBXFrameworksBuildPhase section */

/* Begin PBXGroup section */
		5285C3FC2C2A790B00C25F6A = {
			isa = PBXGroup;
			children = (
				5285C4072C2A790B00C25F6A /* Prodev */,
				5285C4062C2A790B00C25F6A /* Products */,
			);
			sourceTree = "<group>";
		};
		5285C4062C2A790B00C25F6A /* Products */ = {
			isa = PBXGroup;
			children = (
				5285C4052C2A790B00C25F6A /* Prodev.app */,
			);
			name = Products;
			sourceTree = "<group>";
		};
		5285C4072C2A790B00C25F6A /* Prodev */ = {
			isa = PBXGroup;
			children = (
				5285C4192C2A79E400C25F6A /* Network-Manager */,
				5285C4182C2A79DE00C25F6A /* Models */,
				5285C4172C2A79D900C25F6A /* View */,
				5285C4162C2A79D000C25F6A /* App */,
				5285C40C2C2A790F00C25F6A /* Assets.xcassets */,
				5285C40E2C2A790F00C25F6A /* Preview Content */,
			);
			path = Prodev;
			sourceTree = "<group>";
		};
		5285C40E2C2A790F00C25F6A /* Preview Content */ = {
			isa = PBXGroup;
			children = (
				5285C40F2C2A790F00C25F6A /* Preview Assets.xcassets */,
			);
			path = "Preview Content";
			sourceTree = "<group>";
		};
		5285C4162C2A79D000C25F6A /* App */ = {
			isa = PBXGroup;
			children = (
				5285C4082C2A790B00C25F6A /* ProdevApp.swift */,
			);
			path = App;
			sourceTree = "<group>";
		};
		5285C4172C2A79D900C25F6A /* View */ = {
			isa = PBXGroup;
			children = (
				5285C41D2C2A7E0800C25F6A /* Components */,
				5285C40A2C2A790B00C25F6A /* UsersScreen.swift */,
			);
			path = View;
			sourceTree = "<group>";
		};
		5285C4182C2A79DE00C25F6A /* Models */ = {
			isa = PBXGroup;
			children = (
				5285C41B2C2A7B2F00C25F6A /* UserModel.swift */,
				5285C4242C2A828100C25F6A /* UserViewModels.swift */,
			);
			path = Models;
			sourceTree = "<group>";
		};
		5285C4192C2A79E400C25F6A /* Network-Manager */ = {
			isa = PBXGroup;
			children = (
			);
			path = "Network-Manager";
			sourceTree = "<group>";
		};
		5285C41D2C2A7E0800C25F6A /* Components */ = {
			isa = PBXGroup;
			children = (
				5285C4232C2A81E800C25F6A /* SelectionUserRow */,
				5285C4202C2A7FAA00C25F6A /* SearchTFBOX */,
			);
			path = Components;
			sourceTree = "<group>";
		};
		5285C4202C2A7FAA00C25F6A /* SearchTFBOX */ = {
			isa = PBXGroup;
			children = (
				5285C41E2C2A7E2400C25F6A /* SearchTF.swift */,
				5285C4212C2A7FCA00C25F6A /* SearchCoordinateDelegation.swift */,
			);
			path = SearchTFBOX;
			sourceTree = "<group>";
		};
		5285C4232C2A81E800C25F6A /* SelectionUserRow */ = {
			isa = PBXGroup;
			children = (
			);
			path = SelectionUserRow;
			sourceTree = "<group>";
		};
/* End PBXGroup section */

/* Begin PBXNativeTarget section */
		5285C4042C2A790B00C25F6A /* Prodev */ = {
			isa = PBXNativeTarget;
			buildConfigurationList = 5285C4132C2A790F00C25F6A /* Build configuration list for PBXNativeTarget "Prodev" */;
			buildPhases = (
				5285C4012C2A790B00C25F6A /* Sources */,
				5285C4022C2A790B00C25F6A /* Frameworks */,
				5285C4032C2A790B00C25F6A /* Resources */,
			);
			buildRules = (
			);
			dependencies = (
			);
			name = Prodev;
			packageProductDependencies = (
				5285C4272C2A851800C25F6A /* Alamofire */,
				5285C4292C2A851800C25F6A /* AlamofireDynamic */,
			);
			productName = Prodev;
			productReference = 5285C4052C2A790B00C25F6A /* Prodev.app */;
			productType = "com.apple.product-type.application";
		};
/* End PBXNativeTarget section */

/* Begin PBXProject section */
		5285C3FD2C2A790B00C25F6A /* Project object */ = {
			isa = PBXProject;
			attributes = {
				BuildIndependentTargetsInParallel = 1;
				LastSwiftUpdateCheck = 1420;
				LastUpgradeCheck = 1420;
				TargetAttributes = {
					5285C4042C2A790B00C25F6A = {
						CreatedOnToolsVersion = 14.2;
					};
				};
			};
			buildConfigurationList = 5285C4002C2A790B00C25F6A /* Build configuration list for PBXProject "Prodev" */;
			compatibilityVersion = "Xcode 14.0";
			developmentRegion = en;
			hasScannedForEncodings = 0;
			knownRegions = (
				en,
				Base,
			);
			mainGroup = 5285C3FC2C2A790B00C25F6A;
			packageReferences = (
				5285C4262C2A851800C25F6A /* XCRemoteSwiftPackageReference "Alamofire" */,
			);
			productRefGroup = 5285C4062C2A790B00C25F6A /* Products */;
			projectDirPath = "";
			projectRoot = "";
			targets = (
				5285C4042C2A790B00C25F6A /* Prodev */,
			);
		};
/* End PBXProject section */

/* Begin PBXResourcesBuildPhase section */
		5285C4032C2A790B00C25F6A /* Resources */ = {
			isa = PBXResourcesBuildPhase;
			buildActionMask = 2147483647;
			files = (
				5285C4102C2A790F00C25F6A /* Preview Assets.xcassets in Resources */,
				5285C40D2C2A790F00C25F6A /* Assets.xcassets in Resources */,
			);
			runOnlyForDeploymentPostprocessing = 0;
		};
/* End PBXResourcesBuildPhase section */

/* Begin PBXSourcesBuildPhase section */
		5285C4012C2A790B00C25F6A /* Sources */ = {
			isa = PBXSourcesBuildPhase;
			buildActionMask = 2147483647;
			files = (
				5285C40B2C2A790B00C25F6A /* UsersScreen.swift in Sources */,
				5285C4252C2A828100C25F6A /* UserViewModels.swift in Sources */,
				5285C41F2C2A7E2400C25F6A /* SearchTF.swift in Sources */,
				5285C41C2C2A7B2F00C25F6A /* UserModel.swift in Sources */,
				5285C4092C2A790B00C25F6A /* ProdevApp.swift in Sources */,
				5285C4222C2A7FCA00C25F6A /* SearchCoordinateDelegation.swift in Sources */,
			);
			runOnlyForDeploymentPostprocessing = 0;
		};
/* End PBXSourcesBuildPhase section */

/* Begin XCBuildConfiguration section */
		5285C4112C2A790F00C25F6A /* Debug */ = {
			isa = XCBuildConfiguration;
			buildSettings = {
				ALWAYS_SEARCH_USER_PATHS = NO;
				CLANG_ANALYZER_NONNULL = YES;
				CLANG_ANALYZER_NUMBER_OBJECT_CONVERSION = YES_AGGRESSIVE;
				CLANG_CXX_LANGUAGE_STANDARD = "gnu++20";
				CLANG_ENABLE_MODULES = YES;
				CLANG_ENABLE_OBJC_ARC = YES;
				CLANG_ENABLE_OBJC_WEAK = YES;
				CLANG_WARN_BLOCK_CAPTURE_AUTORELEASING = YES;
				CLANG_WARN_BOOL_CONVERSION = YES;
				CLANG_WARN_COMMA = YES;
				CLANG_WARN_CONSTANT_CONVERSION = YES;
				CLANG_WARN_DEPRECATED_OBJC_IMPLEMENTATIONS = YES;
				CLANG_WARN_DIRECT_OBJC_ISA_USAGE = YES_ERROR;
				CLANG_WARN_DOCUMENTATION_COMMENTS = YES;
				CLANG_WARN_EMPTY_BODY = YES;
				CLANG_WARN_ENUM_CONVERSION = YES;
				CLANG_WARN_INFINITE_RECURSION = YES;
				CLANG_WARN_INT_CONVERSION = YES;
				CLANG_WARN_NON_LITERAL_NULL_CONVERSION = YES;
				CLANG_WARN_OBJC_IMPLICIT_RETAIN_SELF = YES;
				CLANG_WARN_OBJC_LITERAL_CONVERSION = YES;
				CLANG_WARN_OBJC_ROOT_CLASS = YES_ERROR;
				CLANG_WARN_QUOTED_INCLUDE_IN_FRAMEWORK_HEADER = YES;
				CLANG_WARN_RANGE_LOOP_ANALYSIS = YES;
				CLANG_WARN_STRICT_PROTOTYPES = YES;
				CLANG_WARN_SUSPICIOUS_MOVE = YES;
				CLANG_WARN_UNGUARDED_AVAILABILITY = YES_AGGRESSIVE;
				CLANG_WARN_UNREACHABLE_CODE = YES;
				CLANG_WARN__DUPLICATE_METHOD_MATCH = YES;
				COPY_PHASE_STRIP = NO;
				DEBUG_INFORMATION_FORMAT = dwarf;
				ENABLE_STRICT_OBJC_MSGSEND = YES;
				ENABLE_TESTABILITY = YES;
				GCC_C_LANGUAGE_STANDARD = gnu11;
				GCC_DYNAMIC_NO_PIC = NO;
				GCC_NO_COMMON_BLOCKS = YES;
				GCC_OPTIMIZATION_LEVEL = 0;
				GCC_PREPROCESSOR_DEFINITIONS = (
					"DEBUG=1",
					"$(inherited)",
				);
				GCC_WARN_64_TO_32_BIT_CONVERSION = YES;
				GCC_WARN_ABOUT_RETURN_TYPE = YES_ERROR;
				GCC_WARN_UNDECLARED_SELECTOR = YES;
				GCC_WARN_UNINITIALIZED_AUTOS = YES_AGGRESSIVE;
				GCC_WARN_UNUSED_FUNCTION = YES;
				GCC_WARN_UNUSED_VARIABLE = YES;
				IPHONEOS_DEPLOYMENT_TARGET = 16.2;
				MTL_ENABLE_DEBUG_INFO = INCLUDE_SOURCE;
				MTL_FAST_MATH = YES;
				ONLY_ACTIVE_ARCH = YES;
				SDKROOT = iphoneos;
				SWIFT_ACTIVE_COMPILATION_CONDITIONS = DEBUG;
				SWIFT_OPTIMIZATION_LEVEL = "-Onone";
			};
			name = Debug;
		};
		5285C4122C2A790F00C25F6A /* Release */ = {
			isa = XCBuildConfiguration;
			buildSettings = {
				ALWAYS_SEARCH_USER_PATHS = NO;
				CLANG_ANALYZER_NONNULL = YES;
				CLANG_ANALYZER_NUMBER_OBJECT_CONVERSION = YES_AGGRESSIVE;
				CLANG_CXX_LANGUAGE_STANDARD = "gnu++20";
				CLANG_ENABLE_MODULES = YES;
				CLANG_ENABLE_OBJC_ARC = YES;
				CLANG_ENABLE_OBJC_WEAK = YES;
				CLANG_WARN_BLOCK_CAPTURE_AUTORELEASING = YES;
				CLANG_WARN_BOOL_CONVERSION = YES;
				CLANG_WARN_COMMA = YES;
				CLANG_WARN_CONSTANT_CONVERSION = YES;
				CLANG_WARN_DEPRECATED_OBJC_IMPLEMENTATIONS = YES;
				CLANG_WARN_DIRECT_OBJC_ISA_USAGE = YES_ERROR;
				CLANG_WARN_DOCUMENTATION_COMMENTS = YES;
				CLANG_WARN_EMPTY_BODY = YES;
				CLANG_WARN_ENUM_CONVERSION = YES;
				CLANG_WARN_INFINITE_RECURSION = YES;
				CLANG_WARN_INT_CONVERSION = YES;
				CLANG_WARN_NON_LITERAL_NULL_CONVERSION = YES;
				CLANG_WARN_OBJC_IMPLICIT_RETAIN_SELF = YES;
				CLANG_WARN_OBJC_LITERAL_CONVERSION = YES;
				CLANG_WARN_OBJC_ROOT_CLASS = YES_ERROR;
				CLANG_WARN_QUOTED_INCLUDE_IN_FRAMEWORK_HEADER = YES;
				CLANG_WARN_RANGE_LOOP_ANALYSIS = YES;
				CLANG_WARN_STRICT_PROTOTYPES = YES;
				CLANG_WARN_SUSPICIOUS_MOVE = YES;
				CLANG_WARN_UNGUARDED_AVAILABILITY = YES_AGGRESSIVE;
				CLANG_WARN_UNREACHABLE_CODE = YES;
				CLANG_WARN__DUPLICATE_METHOD_MATCH = YES;
				COPY_PHASE_STRIP = NO;
				DEBUG_INFORMATION_FORMAT = "dwarf-with-dsym";
				ENABLE_NS_ASSERTIONS = NO;
				ENABLE_STRICT_OBJC_MSGSEND = YES;
				GCC_C_LANGUAGE_STANDARD = gnu11;
				GCC_NO_COMMON_BLOCKS = YES;
				GCC_WARN_64_TO_32_BIT_CONVERSION = YES;
				GCC_WARN_ABOUT_RETURN_TYPE = YES_ERROR;
				GCC_WARN_UNDECLARED_SELECTOR = YES;
				GCC_WARN_UNINITIALIZED_AUTOS = YES_AGGRESSIVE;
				GCC_WARN_UNUSED_FUNCTION = YES;
				GCC_WARN_UNUSED_VARIABLE = YES;
				IPHONEOS_DEPLOYMENT_TARGET = 16.2;
				MTL_ENABLE_DEBUG_INFO = NO;
				MTL_FAST_MATH = YES;
				SDKROOT = iphoneos;
				SWIFT_COMPILATION_MODE = wholemodule;
				SWIFT_OPTIMIZATION_LEVEL = "-O";
				VALIDATE_PRODUCT = YES;
			};
			name = Release;
		};
		5285C4142C2A790F00C25F6A /* Debug */ = {
			isa = XCBuildConfiguration;
			buildSettings = {
				ASSETCATALOG_COMPILER_APPICON_NAME = AppIcon;
				ASSETCATALOG_COMPILER_GLOBAL_ACCENT_COLOR_NAME = AccentColor;
				CODE_SIGN_STYLE = Automatic;
				CURRENT_PROJECT_VERSION = 1;
				DEVELOPMENT_ASSET_PATHS = "\"Prodev/Preview Content\"";
				ENABLE_PREVIEWS = YES;
				GENERATE_INFOPLIST_FILE = YES;
				INFOPLIST_KEY_UIApplicationSceneManifest_Generation = YES;
				INFOPLIST_KEY_UIApplicationSupportsIndirectInputEvents = YES;
				INFOPLIST_KEY_UILaunchScreen_Generation = YES;
				INFOPLIST_KEY_UISupportedInterfaceOrientations_iPad = "UIInterfaceOrientationPortrait UIInterfaceOrientationPortraitUpsideDown UIInterfaceOrientationLandscapeLeft UIInterfaceOrientationLandscapeRight";
				INFOPLIST_KEY_UISupportedInterfaceOrientations_iPhone = "UIInterfaceOrientationPortrait UIInterfaceOrientationLandscapeLeft UIInterfaceOrientationLandscapeRight";
				LD_RUNPATH_SEARCH_PATHS = (
					"$(inherited)",
					"@executable_path/Frameworks",
				);
				MARKETING_VERSION = 1.0;
				PRODUCT_BUNDLE_IDENTIFIER = x.Prodev;
				PRODUCT_NAME = "$(TARGET_NAME)";
				SWIFT_EMIT_LOC_STRINGS = YES;
				SWIFT_VERSION = 5.0;
				TARGETED_DEVICE_FAMILY = "1,2";
			};
			name = Debug;
		};
		5285C4152C2A790F00C25F6A /* Release */ = {
			isa = XCBuildConfiguration;
			buildSettings = {
				ASSETCATALOG_COMPILER_APPICON_NAME = AppIcon;
				ASSETCATALOG_COMPILER_GLOBAL_ACCENT_COLOR_NAME = AccentColor;
				CODE_SIGN_STYLE = Automatic;
				CURRENT_PROJECT_VERSION = 1;
				DEVELOPMENT_ASSET_PATHS = "\"Prodev/Preview Content\"";
				ENABLE_PREVIEWS = YES;
				GENERATE_INFOPLIST_FILE = YES;
				INFOPLIST_KEY_UIApplicationSceneManifest_Generation = YES;
				INFOPLIST_KEY_UIApplicationSupportsIndirectInputEvents = YES;
				INFOPLIST_KEY_UILaunchScreen_Generation = YES;
				INFOPLIST_KEY_UISupportedInterfaceOrientations_iPad = "UIInterfaceOrientationPortrait UIInterfaceOrientationPortraitUpsideDown UIInterfaceOrientationLandscapeLeft UIInterfaceOrientationLandscapeRight";
				INFOPLIST_KEY_UISupportedInterfaceOrientations_iPhone = "UIInterfaceOrientationPortrait UIInterfaceOrientationLandscapeLeft UIInterfaceOrientationLandscapeRight";
				LD_RUNPATH_SEARCH_PATHS = (
					"$(inherited)",
					"@executable_path/Frameworks",
				);
				MARKETING_VERSION = 1.0;
				PRODUCT_BUNDLE_IDENTIFIER = x.Prodev;
				PRODUCT_NAME = "$(TARGET_NAME)";
				SWIFT_EMIT_LOC_STRINGS = YES;
				SWIFT_VERSION = 5.0;
				TARGETED_DEVICE_FAMILY = "1,2";
			};
			name = Release;
		};
/* End XCBuildConfiguration section */

/* Begin XCConfigurationList section */
		5285C4002C2A790B00C25F6A /* Build configuration list for PBXProject "Prodev" */ = {
			isa = XCConfigurationList;
			buildConfigurations = (
				5285C4112C2A790F00C25F6A /* Debug */,
				5285C4122C2A790F00C25F6A /* Release */,
			);
			defaultConfigurationIsVisible = 0;
			defaultConfigurationName = Release;
		};
		5285C4132C2A790F00C25F6A /* Build configuration list for PBXNativeTarget "Prodev" */ = {
			isa = XCConfigurationList;
			buildConfigurations = (
				5285C4142C2A790F00C25F6A /* Debug */,
				5285C4152C2A790F00C25F6A /* Release */,
			);
			defaultConfigurationIsVisible = 0;
			defaultConfigurationName = Release;
		};
/* End XCConfigurationList section */

/* Begin XCRemoteSwiftPackageReference section */
		5285C4262C2A851800C25F6A /* XCRemoteSwiftPackageReference "Alamofire" */ = {
			isa = XCRemoteSwiftPackageReference;
			repositoryURL = "https://github.com/Alamofire/Alamofire.git";
			requirement = {
				kind = upToNextMajorVersion;
				minimumVersion = 5.0.0;
			};
		};
/* End XCRemoteSwiftPackageReference section */

/* Begin XCSwiftPackageProductDependency section */
		5285C4272C2A851800C25F6A /* Alamofire */ = {
			isa = XCSwiftPackageProductDependency;
			package = 5285C4262C2A851800C25F6A /* XCRemoteSwiftPackageReference "Alamofire" */;
			productName = Alamofire;
		};
		5285C4292C2A851800C25F6A /* AlamofireDynamic */ = {
			isa = XCSwiftPackageProductDependency;
			package = 5285C4262C2A851800C25F6A /* XCRemoteSwiftPackageReference "Alamofire" */;
			productName = AlamofireDynamic;
		};
/* End XCSwiftPackageProductDependency section */
	};
	rootObject = 5285C3FD2C2A790B00C25F6A /* Project object */;
}
